
Microsoft Visual Studio Solution File, Format Version 12.00
# Visual Studio 2012
Project("{E24C65DC-7377-472B-9ABA-BC803B73C61A}") = "Layer-Metadata-SOE-JS-Client", "http://localhost:61460", "{A1A37C32-BC79-40DF-B9D8-327C3CCBB501}"
	ProjectSection(WebsiteProperties) = preProject
		UseIISExpress = "true"
		TargetFrameworkMoniker = ".NETFramework,Version%3Dv4.0"
		Debug.AspNetCompiler.VirtualPath = "/Layer-Metadata-SOE-JS-Client"
		Debug.AspNetCompiler.PhysicalPath = "..\Layer-Metadata-SOE-JS-Client\"
		Debug.AspNetCompiler.TargetPath = "PrecompiledWeb\Layer-Metadata-SOE-JS-Client\"
		Debug.AspNetCompiler.Updateable = "true"
		Debug.AspNetCompiler.ForceOverwrite = "true"
		Debug.AspNetCompiler.FixedNames = "false"
		Debug.AspNetCompiler.Debug = "True"
		Release.AspNetCompiler.VirtualPath = "/Layer-Metadata-SOE-JS-Client"
		Release.AspNetCompiler.PhysicalPath = "..\Layer-Metadata-SOE-JS-Client\"
		Release.AspNetCompiler.TargetPath = "PrecompiledWeb\Layer-Metadata-SOE-JS-Client\"
		Release.AspNetCompiler.Updateable = "true"
		Release.AspNetCompiler.ForceOverwrite = "true"
		Release.AspNetCompiler.FixedNames = "false"
		Release.AspNetCompiler.Debug = "False"
		SlnRelativePath = "..\Layer-Metadata-SOE-JS-Client\"
	EndProjectSection
EndProject
Global
	GlobalSection(SolutionConfigurationPlatforms) = preSolution
		Debug|Any CPU = Debug|Any CPU
	EndGlobalSection
	GlobalSection(ProjectConfigurationPlatforms) = postSolution
		{A1A37C32-BC79-40DF-B9D8-327C3CCBB501}.Debug|Any CPU.ActiveCfg = Debug|Any CPU
		{A1A37C32-BC79-40DF-B9D8-327C3CCBB501}.Debug|Any CPU.Build.0 = Debug|Any CPU
	EndGlobalSection
	GlobalSection(SolutionProperties) = preSolution
		HideSolutionNode = FALSE
	EndGlobalSection
EndGlobal
